
Microsoft Visual Studio Solution File, Format Version 12.00
# Visual Studio 15
VisualStudioVersion = 15.0.28010.2041
MinimumVisualStudioVersion = 10.0.40219.1
Project("{F184B08F-C81C-45F6-A57F-5ABD9991F28F}") = "Presentacion", "Presentacion\Presentacion.vbproj", "{ED5B103E-7574-4A1B-9E82-17ADC5CACE98}"
EndProject
Project("{F184B08F-C81C-45F6-A57F-5ABD9991F28F}") = "Datos", "Datos\Datos.vbproj", "{7758CC5F-6A24-4F5D-A0C5-21849626AD08}"
EndProject
Project("{F184B08F-C81C-45F6-A57F-5ABD9991F28F}") = "Entidades", "Entidades\Entidades.vbproj", "{1419DB96-0CAD-4BAF-8727-65A9270C46DE}"
EndProject
Global
	GlobalSection(SolutionConfigurationPlatforms) = preSolution
		Debug|Any CPU = Debug|Any CPU
		Debug|ARM = Debug|ARM
		Debug|x64 = Debug|x64
		Debug|x86 = Debug|x86
		Release|Any CPU = Release|Any CPU
		Release|ARM = Release|ARM
		Release|x64 = Release|x64
		Release|x86 = Release|x86
	EndGlobalSection
	GlobalSection(ProjectConfigurationPlatforms) = postSolution
		{ED5B103E-7574-4A1B-9E82-17ADC5CACE98}.Debug|Any CPU.ActiveCfg = Debug|Any CPU
		{ED5B103E-7574-4A1B-9E82-17ADC5CACE98}.Debug|Any CPU.Build.0 = Debug|Any CPU
		{ED5B103E-7574-4A1B-9E82-17ADC5CACE98}.Debug|ARM.ActiveCfg = Debug|Any CPU
		{ED5B103E-7574-4A1B-9E82-17ADC5CACE98}.Debug|ARM.Build.0 = Debug|Any CPU
		{ED5B103E-7574-4A1B-9E82-17ADC5CACE98}.Debug|x64.ActiveCfg = Debug|Any CPU
		{ED5B103E-7574-4A1B-9E82-17ADC5CACE98}.Debug|x64.Build.0 = Debug|Any CPU
		{ED5B103E-7574-4A1B-9E82-17ADC5CACE98}.Debug|x86.ActiveCfg = Debug|Any CPU
		{ED5B103E-7574-4A1B-9E82-17ADC5CACE98}.Debug|x86.Build.0 = Debug|Any CPU
		{ED5B103E-7574-4A1B-9E82-17ADC5CACE98}.Release|Any CPU.ActiveCfg = Release|Any CPU
		{ED5B103E-7574-4A1B-9E82-17ADC5CACE98}.Release|Any CPU.Build.0 = Release|Any CPU
		{ED5B103E-7574-4A1B-9E82-17ADC5CACE98}.Release|ARM.ActiveCfg = Release|Any CPU
		{ED5B103E-7574-4A1B-9E82-17ADC5CACE98}.Release|ARM.Build.0 = Release|Any CPU
		{ED5B103E-7574-4A1B-9E82-17ADC5CACE98}.Release|x64.ActiveCfg = Release|Any CPU
		{ED5B103E-7574-4A1B-9E82-17ADC5CACE98}.Release|x64.Build.0 = Release|Any CPU
		{ED5B103E-7574-4A1B-9E82-17ADC5CACE98}.Release|x86.ActiveCfg = Release|Any CPU
		{ED5B103E-7574-4A1B-9E82-17ADC5CACE98}.Release|x86.Build.0 = Release|Any CPU
		{7758CC5F-6A24-4F5D-A0C5-21849626AD08}.Debug|Any CPU.ActiveCfg = Debug|Any CPU
		{7758CC5F-6A24-4F5D-A0C5-21849626AD08}.Debug|Any CPU.Build.0 = Debug|Any CPU
		{7758CC5F-6A24-4F5D-A0C5-21849626AD08}.Debug|ARM.ActiveCfg = Debug|Any CPU
		{7758CC5F-6A24-4F5D-A0C5-21849626AD08}.Debug|ARM.Build.0 = Debug|Any CPU
		{7758CC5F-6A24-4F5D-A0C5-21849626AD08}.Debug|x64.ActiveCfg = Debug|Any CPU
		{7758CC5F-6A24-4F5D-A0C5-21849626AD08}.Debug|x64.Build.0 = Debug|Any CPU
		{7758CC5F-6A24-4F5D-A0C5-21849626AD08}.Debug|x86.ActiveCfg = Debug|Any CPU
		{7758CC5F-6A24-4F5D-A0C5-21849626AD08}.Debug|x86.Build.0 = Debug|Any CPU
		{7758CC5F-6A24-4F5D-A0C5-21849626AD08}.Release|Any CPU.ActiveCfg = Release|Any CPU
		{7758CC5F-6A24-4F5D-A0C5-21849626AD08}.Release|Any CPU.Build.0 = Release|Any CPU
		{7758CC5F-6A24-4F5D-A0C5-21849626AD08}.Release|ARM.ActiveCfg = Release|Any CPU
		{7758CC5F-6A24-4F5D-A0C5-21849626AD08}.Release|ARM.Build.0 = Release|Any CPU
		{7758CC5F-6A24-4F5D-A0C5-21849626AD08}.Release|x64.ActiveCfg = Release|Any CPU
		{7758CC5F-6A24-4F5D-A0C5-21849626AD08}.Release|x64.Build.0 = Release|Any CPU
		{7758CC5F-6A24-4F5D-A0C5-21849626AD08}.Release|x86.ActiveCfg = Release|Any CPU
		{7758CC5F-6A24-4F5D-A0C5-21849626AD08}.Release|x86.Build.0 = Release|Any CPU
		{1419DB96-0CAD-4BAF-8727-65A9270C46DE}.Debug|Any CPU.ActiveCfg = Debug|Any CPU
		{1419DB96-0CAD-4BAF-8727-65A9270C46DE}.Debug|Any CPU.Build.0 = Debug|Any CPU
		{1419DB96-0CAD-4BAF-8727-65A9270C46DE}.Debug|ARM.ActiveCfg = Debug|Any CPU
		{1419DB96-0CAD-4BAF-8727-65A9270C46DE}.Debug|ARM.Build.0 = Debug|Any CPU
		{1419DB96-0CAD-4BAF-8727-65A9270C46DE}.Debug|x64.ActiveCfg = Debug|Any CPU
		{1419DB96-0CAD-4BAF-8727-65A9270C46DE}.Debug|x64.Build.0 = Debug|Any CPU
		{1419DB96-0CAD-4BAF-8727-65A9270C46DE}.Debug|x86.ActiveCfg = Debug|Any CPU
		{1419DB96-0CAD-4BAF-8727-65A9270C46DE}.Debug|x86.Build.0 = Debug|Any CPU
		{1419DB96-0CAD-4BAF-8727-65A9270C46DE}.Release|Any CPU.ActiveCfg = Release|Any CPU
		{1419DB96-0CAD-4BAF-8727-65A9270C46DE}.Release|Any CPU.Build.0 = Release|Any CPU
		{1419DB96-0CAD-4BAF-8727-65A9270C46DE}.Release|ARM.ActiveCfg = Release|Any CPU
		{1419DB96-0CAD-4BAF-8727-65A9270C46DE}.Release|ARM.Build.0 = Release|Any CPU
		{1419DB96-0CAD-4BAF-8727-65A9270C46DE}.Release|x64.ActiveCfg = Release|Any CPU
		{1419DB96-0CAD-4BAF-8727-65A9270C46DE}.Release|x64.Build.0 = Release|Any CPU
		{1419DB96-0CAD-4BAF-8727-65A9270C46DE}.Release|x86.ActiveCfg = Release|Any CPU
		{1419DB96-0CAD-4BAF-8727-65A9270C46DE}.Release|x86.Build.0 = Release|Any CPU
	EndGlobalSection
	GlobalSection(SolutionProperties) = preSolution
		HideSolutionNode = FALSE
	EndGlobalSection
	GlobalSection(ExtensibilityGlobals) = postSolution
		SolutionGuid = {153239EA-3DED-4EC9-8FE4-08399362D7AD}
	EndGlobalSection
EndGlobal
